
Microsoft Visual Studio Solution File, Format Version 12.00
# Visual Studio Version 17
VisualStudioVersion = 17.13.35818.85 d17.13
MinimumVisualStudioVersion = 10.0.40219.1
Project("{FAE04EC0-301F-11D3-BF4B-00C04F79EFBC}") = "WpfAppProductsTask", "WpfAppProductsTask\WpfAppProductsTask.csproj", "{AA844DD3-8154-4BB9-B4E4-02FDF469A4DB}"
EndProject
Global
	GlobalSection(SolutionConfigurationPlatforms) = preSolution
		Debug|Any CPU = Debug|Any CPU
		Release|Any CPU = Release|Any CPU
	EndGlobalSection
	GlobalSection(ProjectConfigurationPlatforms) = postSolution
		{AA844DD3-8154-4BB9-B4E4-02FDF469A4DB}.Debug|Any CPU.ActiveCfg = Debug|Any CPU
		{AA844DD3-8154-4BB9-B4E4-02FDF469A4DB}.Debug|Any CPU.Build.0 = Debug|Any CPU
		{AA844DD3-8154-4BB9-B4E4-02FDF469A4DB}.Release|Any CPU.ActiveCfg = Release|Any CPU
		{AA844DD3-8154-4BB9-B4E4-02FDF469A4DB}.Release|Any CPU.Build.0 = Release|Any CPU
	EndGlobalSection
	GlobalSection(SolutionProperties) = preSolution
		HideSolutionNode = FALSE
	EndGlobalSection
	GlobalSection(ExtensibilityGlobals) = postSolution
		SolutionGuid = {200470EE-D42B-431B-9C02-AA0AFE237DF7}
	EndGlobalSection
EndGlobal
